<?xml version="1.0" encoding="utf-8"?>
<Project ToolsVersion="4.0" xmlns="http://schemas.microsoft.com/developer/msbuild/2003">
  <ItemGroup>
    <Filter Include="Form Files">
      <UniqueIdentifier>{99349809-55BA-4b9d-BF79-8FDBB0286EB3}</UniqueIdentifier>
      <Extensions>ui</Extensions>
      <ParseFiles>false</ParseFiles>
    </Filter>
    <Filter Include="Form Files">
      <UniqueIdentifier>{99349809-55BA-4b9d-BF79-8FDBB0286EB3}</UniqueIdentifier>
      <Extensions>ui</Extensions>
      <ParseFiles>false</ParseFiles>
    </Filter>
    <Filter Include="Generated Files">
      <UniqueIdentifier>{71ED8ED8-ACB9-4CE9-BBE1-E00B30144E11}</UniqueIdentifier>
      <Extensions>cpp;c;cxx;moc;h;def;odl;idl;res;</Extensions>
    </Filter>
    <Filter Include="Generated Files">
      <UniqueIdentifier>{71ED8ED8-ACB9-4CE9-BBE1-E00B30144E11}</UniqueIdentifier>
      <Extensions>cpp;c;cxx;moc;h;def;odl;idl;res;</Extensions>
    </Filter>
    <Filter Include="Header Files">
      <UniqueIdentifier>{93995380-89BD-4b04-88EB-625FBE52EBFB}</UniqueIdentifier>
      <Extensions>h;hpp;hxx;hm;inl;inc;xsd</Extensions>
    </Filter>
    <Filter Include="Header Files">
      <UniqueIdentifier>{93995380-89BD-4b04-88EB-625FBE52EBFB}</UniqueIdentifier>
      <Extensions>h;hpp;hxx;hm;inl;inc;xsd</Extensions>
    </Filter>
    <Filter Include="Resource Files">
      <UniqueIdentifier>{D9D6E242-F8AF-46E4-B9FD-80ECBC20BA3E}</UniqueIdentifier>
      <Extensions>qrc;*</Extensions>
      <ParseFiles>false</ParseFiles>
    </Filter>
    <Filter Include="Resource Files">
      <UniqueIdentifier>{D9D6E242-F8AF-46E4-B9FD-80ECBC20BA3E}</UniqueIdentifier>
      <Extensions>qrc;*</Extensions>
      <ParseFiles>false</ParseFiles>
    </Filter>
    <Filter Include="Source Files">
      <UniqueIdentifier>{4FC737F1-C7A5-4376-A066-2A32D752A2FF}</UniqueIdentifier>
      <Extensions>cpp;c;cxx;def;odl;idl;hpj;bat;asm;asmx</Extensions>
    </Filter>
    <Filter Include="Source Files">
      <UniqueIdentifier>{4FC737F1-C7A5-4376-A066-2A32D752A2FF}</UniqueIdentifier>
      <Extensions>cpp;c;cxx;def;odl;idl;hpj;bat;asm;asmx</Extensions>
    </Filter>
    <Filter Include="Generated Files\Debug">
      <UniqueIdentifier>{98ce0399-7458-41e3-95a6-d7f5900f88cc}</UniqueIdentifier>
      <Extensions>cpp;moc</Extensions>
      <SourceControlFiles>False</SourceControlFiles>
    </Filter>
    <Filter Include="Generated Files\Release">
      <UniqueIdentifier>{621ed436-c59f-4a93-ab5c-0f964693d350}</UniqueIdentifier>
      <Extensions>cpp;moc</Extensions>
      <SourceControlFiles>False</SourceControlFiles>
    </Filter>
  </ItemGroup>
  <ItemGroup>
    <ClCompile Include="ADCDataReader.cpp">
      <Filter>Source Files</Filter>
    </ClCompile>
    <ClCompile Include="models\TSExaminations.cpp">
      <Filter>Source Files</Filter>
    </ClCompile>
    <ClCompile Include="models\TSPatients.cpp">
      <Filter>Source Files</Filter>
    </ClCompile>
    <ClCompile Include="bdgod.cpp">
      <Filter>Source Files</Filter>
    </ClCompile>
    <ClCompile Include="main.cpp">
      <Filter>Source Files</Filter>
    </ClCompile>
    <ClCompile Include="plotter.cpp">
      <Filter>Source Files</Filter>
    </ClCompile>
    <ClCompile Include="rawdataparser.cpp">
      <Filter>Source Files</Filter>
    </ClCompile>
    <ClCompile Include="tsanalitics.cpp">
      <Filter>Source Files</Filter>
    </ClCompile>
    <ClCompile Include="inputs\tscombobox.cpp">
      <Filter>Source Files</Filter>
    </ClCompile>
    <ClCompile Include="tscontroller.cpp">
      <Filter>Source Files</Filter>
    </ClCompile>
    <ClCompile Include="tscurvebuffer.cpp">
      <Filter>Source Files</Filter>
    </ClCompile>
    <ClCompile Include="inputs\tslineedit.cpp">
      <Filter>Source Files</Filter>
    </ClCompile>
    <ClCompile Include="tsmodel.cpp">
      <Filter>Source Files</Filter>
    </ClCompile>
    <ClCompile Include="tsrealcalc.cpp">
      <Filter>Source Files</Filter>
    </ClCompile>
    <ClCompile Include="tsrealcalcwrapper.cpp">
      <Filter>Source Files</Filter>
    </ClCompile>
    <ClCompile Include="inputs\tstableview.cpp">
      <Filter>Source Files</Filter>
    </ClCompile>
    <ClCompile Include="tstempanalitic.cpp">
      <Filter>Source Files</Filter>
    </ClCompile>
    <ClCompile Include="tools\tsvalidationtools.cpp">
      <Filter>Source Files</Filter>
    </ClCompile>
    <ClCompile Include="volumesolver.cpp">
      <Filter>Source Files</Filter>
    </ClCompile>
    <ClCompile Include="Debug\moc_ADCDataReader.cpp">
      <Filter>Generated Files\Debug</Filter>
    </ClCompile>
    <ClCompile Include="Release\moc_ADCDataReader.cpp">
      <Filter>Generated Files\Release</Filter>
    </ClCompile>
    <ClCompile Include="Debug\moc_plotter.cpp">
      <Filter>Generated Files\Debug</Filter>
    </ClCompile>
    <ClCompile Include="Release\moc_plotter.cpp">
      <Filter>Generated Files\Release</Filter>
    </ClCompile>
    <ClCompile Include="Debug\moc_rawdataparser.cpp">
      <Filter>Generated Files\Debug</Filter>
    </ClCompile>
    <ClCompile Include="Release\moc_rawdataparser.cpp">
      <Filter>Generated Files\Release</Filter>
    </ClCompile>
    <ClCompile Include="Debug\moc_tsanalitics.cpp">
      <Filter>Generated Files\Debug</Filter>
    </ClCompile>
    <ClCompile Include="Release\moc_tsanalitics.cpp">
      <Filter>Generated Files\Release</Filter>
    </ClCompile>
    <ClCompile Include="Debug\moc_tscombobox.cpp">
      <Filter>Generated Files\Debug</Filter>
    </ClCompile>
    <ClCompile Include="Release\moc_tscombobox.cpp">
      <Filter>Generated Files\Release</Filter>
    </ClCompile>
    <ClCompile Include="Debug\moc_tscontroller.cpp">
      <Filter>Generated Files\Debug</Filter>
    </ClCompile>
    <ClCompile Include="Release\moc_tscontroller.cpp">
      <Filter>Generated Files\Release</Filter>
    </ClCompile>
    <ClCompile Include="Debug\moc_tscurvebuffer.cpp">
      <Filter>Generated Files\Debug</Filter>
    </ClCompile>
    <ClCompile Include="Release\moc_tscurvebuffer.cpp">
      <Filter>Generated Files\Release</Filter>
    </ClCompile>
    <ClCompile Include="Debug\moc_tslineedit.cpp">
      <Filter>Generated Files\Debug</Filter>
    </ClCompile>
    <ClCompile Include="Release\moc_tslineedit.cpp">
      <Filter>Generated Files\Release</Filter>
    </ClCompile>
    <ClCompile Include="Debug\moc_tsmodel.cpp">
      <Filter>Generated Files\Debug</Filter>
    </ClCompile>
    <ClCompile Include="Release\moc_tsmodel.cpp">
      <Filter>Generated Files\Release</Filter>
    </ClCompile>
    <ClCompile Include="Debug\moc_tsrealcalc.cpp">
      <Filter>Generated Files\Debug</Filter>
    </ClCompile>
    <ClCompile Include="Release\moc_tsrealcalc.cpp">
      <Filter>Generated Files\Release</Filter>
    </ClCompile>
    <ClCompile Include="Debug\moc_tsrealcalcwrapper.cpp">
      <Filter>Generated Files\Debug</Filter>
    </ClCompile>
    <ClCompile Include="Release\moc_tsrealcalcwrapper.cpp">
      <Filter>Generated Files\Release</Filter>
    </ClCompile>
    <ClCompile Include="Debug\moc_tstableview.cpp">
      <Filter>Generated Files\Debug</Filter>
    </ClCompile>
    <ClCompile Include="Release\moc_tstableview.cpp">
      <Filter>Generated Files\Release</Filter>
    </ClCompile>
    <ClCompile Include="Debug\moc_tstempanalitic.cpp">
      <Filter>Generated Files\Debug</Filter>
    </ClCompile>
    <ClCompile Include="Release\moc_tstempanalitic.cpp">
      <Filter>Generated Files\Release</Filter>
    </ClCompile>
    <ClCompile Include="GeneratedFiles\qrc_iconResourse.cpp">
      <Filter>Generated Files</Filter>
    </ClCompile>
  </ItemGroup>
  <ItemGroup>
    <CustomBuild Include="ADCDataReader.h">
      <Filter>Header Files</Filter>
    </CustomBuild>
    <ClInclude Include="Rtusbapi.h">
      <Filter>Header Files</Filter>
    </ClInclude>
    <ClInclude Include="models\TSExaminations.h">
      <Filter>Header Files</Filter>
    </ClInclude>
    <ClInclude Include="models\TSPatients.h">
      <Filter>Header Files</Filter>
    </ClInclude>
    <ClInclude Include="bdgod.h">
      <Filter>Header Files</Filter>
    </ClInclude>
    <ClInclude Include="extremum.h">
      <Filter>Header Files</Filter>
    </ClInclude>
    <CustomBuild Include="plotter.h">
      <Filter>Header Files</Filter>
    </CustomBuild>
    <CustomBuild Include="rawdataparser.h">
      <Filter>Header Files</Filter>
    </CustomBuild>
    <ClInclude Include="ts_types.h">
      <Filter>Header Files</Filter>
    </ClInclude>
    <CustomBuild Include="tsanalitics.h">
      <Filter>Header Files</Filter>
    </CustomBuild>
    <CustomBuild Include="inputs\tscombobox.h">
      <Filter>Header Files</Filter>
    </CustomBuild>
    <CustomBuild Include="tscontroller.h">
      <Filter>Header Files</Filter>
    </CustomBuild>
    <CustomBuild Include="tscurvebuffer.h">
      <Filter>Header Files</Filter>
    </CustomBuild>
    <CustomBuild Include="inputs\tslineedit.h">
      <Filter>Header Files</Filter>
    </CustomBuild>
    <CustomBuild Include="tsmodel.h">
      <Filter>Header Files</Filter>
    </CustomBuild>
    <CustomBuild Include="tsrealcalc.h">
      <Filter>Header Files</Filter>
    </CustomBuild>
    <CustomBuild Include="tsrealcalcwrapper.h">
      <Filter>Header Files</Filter>
    </CustomBuild>
    <CustomBuild Include="inputs\tstableview.h">
      <Filter>Header Files</Filter>
    </CustomBuild>
    <CustomBuild Include="tstempanalitic.h">
      <Filter>Header Files</Filter>
    </CustomBuild>
    <ClInclude Include="tools\tsvalidationtools.h">
      <Filter>Header Files</Filter>
    </ClInclude>
    <ClInclude Include="volumesolver.h">
      <Filter>Header Files</Filter>
    </ClInclude>
  </ItemGroup>
  <ItemGroup>
    <CustomBuild Include="colibrateDialog.ui">
      <Filter>Form Files</Filter>
    </CustomBuild>
    <CustomBuild Include="patientprofile.ui">
      <Filter>Form Files</Filter>
    </CustomBuild>
    <CustomBuild Include="tsprintview.ui">
      <Filter>Form Files</Filter>
    </CustomBuild>
    <CustomBuild Include="tsprogressdialog.ui">
      <Filter>Form Files</Filter>
    </CustomBuild>
    <CustomBuild Include="tsresultsview.ui">
      <Filter>Form Files</Filter>
    </CustomBuild>
    <CustomBuild Include="tsview.ui">
      <Filter>Form Files</Filter>
    </CustomBuild>
    <CustomBuild Include="tsvolsignalwidget.ui">
      <Filter>Form Files</Filter>
    </CustomBuild>
  </ItemGroup>
  <ItemGroup>
    <CustomBuild Include="iconResourse.qrc">
      <Filter>Resource Files</Filter>
    </CustomBuild>
    <None Include="images\newIcon.png">
      <Filter>Resource Files</Filter>
    </None>
    <None Include="images\openIcon.png">
      <Filter>Resource Files</Filter>
    </None>
    <None Include="images\privateIcon.png">
      <Filter>Resource Files</Filter>
    </None>
    <None Include="images\saveIcon.png">
      <Filter>Resource Files</Filter>
    </None>
    <None Include="images\startIcon.png">
      <Filter>Resource Files</Filter>
    </None>
    <None Include="images\stopIcon.png">
      <Filter>Resource Files</Filter>
    </None>
    <None Include="images\volume_inside.bmp">
      <Filter>Resource Files</Filter>
    </None>
    <None Include="images\volume_outside.bmp">
      <Filter>Resource Files</Filter>
    </None>
  </ItemGroup>
  <ItemGroup>
    <ClInclude Include="GeneratedFiles\ui_colibrateDialog.h">
      <Filter>Generated Files</Filter>
    </ClInclude>
    <ClInclude Include="GeneratedFiles\ui_patientprofile.h">
      <Filter>Generated Files</Filter>
    </ClInclude>
    <ClInclude Include="GeneratedFiles\ui_tsprintview.h">
      <Filter>Generated Files</Filter>
    </ClInclude>
    <ClInclude Include="GeneratedFiles\ui_tsprogressdialog.h">
      <Filter>Generated Files</Filter>
    </ClInclude>
    <ClInclude Include="GeneratedFiles\ui_tsresultsview.h">
      <Filter>Generated Files</Filter>
    </ClInclude>
    <ClInclude Include="GeneratedFiles\ui_tsview.h">
      <Filter>Generated Files</Filter>
    </ClInclude>
    <ClInclude Include="GeneratedFiles\ui_tsvolsignalwidget.h">
      <Filter>Generated Files</Filter>
    </ClInclude>
  </ItemGroup>
</Project>